
Microsoft Visual Studio Solution File, Format Version 12.00
# Visual Studio Version 16
VisualStudioVersion = 16.0.30804.86
MinimumVisualStudioVersion = 10.0.40219.1
Project("{FAE04EC0-301F-11D3-BF4B-00C04F79EFBC}") = "TE.Web", "TE\TE.Web.csproj", "{E2A86211-2EE0-43DB-A32B-86B4DD7DFE7E}"
EndProject
Project("{2150E333-8FDC-42A3-9474-1A3956D46DE8}") = "01 Te.PresentationLayer", "01 Te.PresentationLayer", "{0D478966-4FCA-48DC-B6A2-C4B7D0125041}"
EndProject
Project("{2150E333-8FDC-42A3-9474-1A3956D46DE8}") = "02 TE.BusinessLayer", "02 TE.BusinessLayer", "{61A34B45-9178-44BE-AED7-CED9D87C86C0}"
EndProject
Project("{2150E333-8FDC-42A3-9474-1A3956D46DE8}") = "03 TE.DataLayer", "03 TE.DataLayer", "{11B0259D-EE21-42F4-B6B7-B01684BCD091}"
EndProject
Project("{2150E333-8FDC-42A3-9474-1A3956D46DE8}") = "04 TE.AppCommonLayer", "04 TE.AppCommonLayer", "{C442815B-BAF5-4452-B285-667117197859}"
EndProject
Project("{2150E333-8FDC-42A3-9474-1A3956D46DE8}") = "05 TE.FrameworkComponents", "05 TE.FrameworkComponents", "{12C98FC7-42D9-4D05-9BB4-B69BE011AC6B}"
EndProject
Project("{2150E333-8FDC-42A3-9474-1A3956D46DE8}") = "06 TE.Utilities", "06 TE.Utilities", "{5D6215E0-262F-42E7-9206-17A21F21E6EC}"
EndProject
Project("{2150E333-8FDC-42A3-9474-1A3956D46DE8}") = "07 TE.UnitTests", "07 TE.UnitTests", "{C0074C78-0FE6-49E8-BF93-0C2921AB5371}"
EndProject
Project("{2150E333-8FDC-42A3-9474-1A3956D46DE8}") = "08 TE.Deployment", "08 TE.Deployment", "{AA689E25-0E36-4EAE-8329-812F0E67288C}"
EndProject
Project("{2150E333-8FDC-42A3-9474-1A3956D46DE8}") = "09 TE.Documents", "09 TE.Documents", "{562CBD41-16E5-4488-A4C0-3CC790429F83}"
EndProject
Project("{2150E333-8FDC-42A3-9474-1A3956D46DE8}") = "10 TE.Reports", "10 TE.Reports", "{B6963A16-166C-4A01-B88A-B0D4C7930C64}"
EndProject
Project("{FAE04EC0-301F-11D3-BF4B-00C04F79EFBC}") = "TE.Business.Contract", "TE.Business.Contract\TE.Business.Contract.csproj", "{0D475C55-6C93-4495-A2EA-A151139D745F}"
EndProject
Project("{FAE04EC0-301F-11D3-BF4B-00C04F79EFBC}") = "TE.Business.Logic", "TE.Business.Logic\TE.Business.Logic.csproj", "{0C0F27C3-1FA1-4016-AE18-31ED1462BF8E}"
EndProject
Project("{FAE04EC0-301F-11D3-BF4B-00C04F79EFBC}") = "TE.Data.Contract", "TE.Data.Contract\TE.Data.Contract.csproj", "{38B188B1-F100-427C-92C2-1664D6B84771}"
EndProject
Project("{FAE04EC0-301F-11D3-BF4B-00C04F79EFBC}") = "TE.Data.Logic", "TE.Data.Logic\TE.Data.Logic.csproj", "{81F4C0C0-A29F-4BC0-B40B-9E41E58D750A}"
EndProject
Project("{FAE04EC0-301F-11D3-BF4B-00C04F79EFBC}") = "TE.Data.Model", "TE.Data.Model\TE.Data.Model.csproj", "{7FC3ADB4-F9DC-4770-A25C-DFE1F4FDCF54}"
EndProject
Project("{FAE04EC0-301F-11D3-BF4B-00C04F79EFBC}") = "TE.ViewModel", "TE.ViewModel\TE.ViewModel.csproj", "{FBEBC5A3-8CF4-40E8-BBC5-A29A8D780401}"
EndProject
Project("{FAE04EC0-301F-11D3-BF4B-00C04F79EFBC}") = "Core.Common", "Core.Common\Core.Common.csproj", "{10EBB805-9873-4928-A614-5C0A34551DBC}"
EndProject
Project("{FAE04EC0-301F-11D3-BF4B-00C04F79EFBC}") = "TE.Utilities.Contract", "TE.Utilities.Contract\TE.Utilities.Contract.csproj", "{4EDB0C26-F9C9-444E-AD67-8D9F9CF32F7F}"
EndProject
Project("{FAE04EC0-301F-11D3-BF4B-00C04F79EFBC}") = "TE.Utility.Logic", "TE.Utility.Logic\TE.Utility.Logic.csproj", "{1096156D-1E95-4BCB-8641-F7CD14311B70}"
EndProject
Global
	GlobalSection(SolutionConfigurationPlatforms) = preSolution
		Debug|Any CPU = Debug|Any CPU
		Release|Any CPU = Release|Any CPU
	EndGlobalSection
	GlobalSection(ProjectConfigurationPlatforms) = postSolution
		{E2A86211-2EE0-43DB-A32B-86B4DD7DFE7E}.Debug|Any CPU.ActiveCfg = Debug|Any CPU
		{E2A86211-2EE0-43DB-A32B-86B4DD7DFE7E}.Debug|Any CPU.Build.0 = Debug|Any CPU
		{E2A86211-2EE0-43DB-A32B-86B4DD7DFE7E}.Release|Any CPU.ActiveCfg = Release|Any CPU
		{E2A86211-2EE0-43DB-A32B-86B4DD7DFE7E}.Release|Any CPU.Build.0 = Release|Any CPU
		{0D475C55-6C93-4495-A2EA-A151139D745F}.Debug|Any CPU.ActiveCfg = Debug|Any CPU
		{0D475C55-6C93-4495-A2EA-A151139D745F}.Debug|Any CPU.Build.0 = Debug|Any CPU
		{0D475C55-6C93-4495-A2EA-A151139D745F}.Release|Any CPU.ActiveCfg = Release|Any CPU
		{0D475C55-6C93-4495-A2EA-A151139D745F}.Release|Any CPU.Build.0 = Release|Any CPU
		{0C0F27C3-1FA1-4016-AE18-31ED1462BF8E}.Debug|Any CPU.ActiveCfg = Debug|Any CPU
		{0C0F27C3-1FA1-4016-AE18-31ED1462BF8E}.Debug|Any CPU.Build.0 = Debug|Any CPU
		{0C0F27C3-1FA1-4016-AE18-31ED1462BF8E}.Release|Any CPU.ActiveCfg = Release|Any CPU
		{0C0F27C3-1FA1-4016-AE18-31ED1462BF8E}.Release|Any CPU.Build.0 = Release|Any CPU
		{38B188B1-F100-427C-92C2-1664D6B84771}.Debug|Any CPU.ActiveCfg = Debug|Any CPU
		{38B188B1-F100-427C-92C2-1664D6B84771}.Debug|Any CPU.Build.0 = Debug|Any CPU
		{38B188B1-F100-427C-92C2-1664D6B84771}.Release|Any CPU.ActiveCfg = Release|Any CPU
		{38B188B1-F100-427C-92C2-1664D6B84771}.Release|Any CPU.Build.0 = Release|Any CPU
		{81F4C0C0-A29F-4BC0-B40B-9E41E58D750A}.Debug|Any CPU.ActiveCfg = Debug|Any CPU
		{81F4C0C0-A29F-4BC0-B40B-9E41E58D750A}.Debug|Any CPU.Build.0 = Debug|Any CPU
		{81F4C0C0-A29F-4BC0-B40B-9E41E58D750A}.Release|Any CPU.ActiveCfg = Release|Any CPU
		{81F4C0C0-A29F-4BC0-B40B-9E41E58D750A}.Release|Any CPU.Build.0 = Release|Any CPU
		{7FC3ADB4-F9DC-4770-A25C-DFE1F4FDCF54}.Debug|Any CPU.ActiveCfg = Debug|Any CPU
		{7FC3ADB4-F9DC-4770-A25C-DFE1F4FDCF54}.Debug|Any CPU.Build.0 = Debug|Any CPU
		{7FC3ADB4-F9DC-4770-A25C-DFE1F4FDCF54}.Release|Any CPU.ActiveCfg = Release|Any CPU
		{7FC3ADB4-F9DC-4770-A25C-DFE1F4FDCF54}.Release|Any CPU.Build.0 = Release|Any CPU
		{FBEBC5A3-8CF4-40E8-BBC5-A29A8D780401}.Debug|Any CPU.ActiveCfg = Debug|Any CPU
		{FBEBC5A3-8CF4-40E8-BBC5-A29A8D780401}.Debug|Any CPU.Build.0 = Debug|Any CPU
		{FBEBC5A3-8CF4-40E8-BBC5-A29A8D780401}.Release|Any CPU.ActiveCfg = Release|Any CPU
		{FBEBC5A3-8CF4-40E8-BBC5-A29A8D780401}.Release|Any CPU.Build.0 = Release|Any CPU
		{10EBB805-9873-4928-A614-5C0A34551DBC}.Debug|Any CPU.ActiveCfg = Debug|Any CPU
		{10EBB805-9873-4928-A614-5C0A34551DBC}.Debug|Any CPU.Build.0 = Debug|Any CPU
		{10EBB805-9873-4928-A614-5C0A34551DBC}.Release|Any CPU.ActiveCfg = Release|Any CPU
		{10EBB805-9873-4928-A614-5C0A34551DBC}.Release|Any CPU.Build.0 = Release|Any CPU
		{4EDB0C26-F9C9-444E-AD67-8D9F9CF32F7F}.Debug|Any CPU.ActiveCfg = Debug|Any CPU
		{4EDB0C26-F9C9-444E-AD67-8D9F9CF32F7F}.Debug|Any CPU.Build.0 = Debug|Any CPU
		{4EDB0C26-F9C9-444E-AD67-8D9F9CF32F7F}.Release|Any CPU.ActiveCfg = Release|Any CPU
		{4EDB0C26-F9C9-444E-AD67-8D9F9CF32F7F}.Release|Any CPU.Build.0 = Release|Any CPU
		{1096156D-1E95-4BCB-8641-F7CD14311B70}.Debug|Any CPU.ActiveCfg = Debug|Any CPU
		{1096156D-1E95-4BCB-8641-F7CD14311B70}.Debug|Any CPU.Build.0 = Debug|Any CPU
		{1096156D-1E95-4BCB-8641-F7CD14311B70}.Release|Any CPU.ActiveCfg = Release|Any CPU
		{1096156D-1E95-4BCB-8641-F7CD14311B70}.Release|Any CPU.Build.0 = Release|Any CPU
	EndGlobalSection
	GlobalSection(SolutionProperties) = preSolution
		HideSolutionNode = FALSE
	EndGlobalSection
	GlobalSection(NestedProjects) = preSolution
		{E2A86211-2EE0-43DB-A32B-86B4DD7DFE7E} = {0D478966-4FCA-48DC-B6A2-C4B7D0125041}
		{0D475C55-6C93-4495-A2EA-A151139D745F} = {61A34B45-9178-44BE-AED7-CED9D87C86C0}
		{0C0F27C3-1FA1-4016-AE18-31ED1462BF8E} = {61A34B45-9178-44BE-AED7-CED9D87C86C0}
		{38B188B1-F100-427C-92C2-1664D6B84771} = {11B0259D-EE21-42F4-B6B7-B01684BCD091}
		{81F4C0C0-A29F-4BC0-B40B-9E41E58D750A} = {11B0259D-EE21-42F4-B6B7-B01684BCD091}
		{7FC3ADB4-F9DC-4770-A25C-DFE1F4FDCF54} = {11B0259D-EE21-42F4-B6B7-B01684BCD091}
		{FBEBC5A3-8CF4-40E8-BBC5-A29A8D780401} = {C442815B-BAF5-4452-B285-667117197859}
		{10EBB805-9873-4928-A614-5C0A34551DBC} = {12C98FC7-42D9-4D05-9BB4-B69BE011AC6B}
		{4EDB0C26-F9C9-444E-AD67-8D9F9CF32F7F} = {5D6215E0-262F-42E7-9206-17A21F21E6EC}
		{1096156D-1E95-4BCB-8641-F7CD14311B70} = {5D6215E0-262F-42E7-9206-17A21F21E6EC}
	EndGlobalSection
	GlobalSection(ExtensibilityGlobals) = postSolution
		SolutionGuid = {7561DC2D-72C5-4DA0-9B0D-420160DD958A}
	EndGlobalSection
EndGlobal
